// !$*UTF8*$!
{
	archiveVersion = 1;
	classes = {
	};
	objectVersion = 50;
	objects = {

/* Begin PBXBuildFile section */
		8E7B5190245859F800A970A1 /* main.swift in Sources */ = {isa = PBXBuildFile; fileRef = 8E7B518F245859F800A970A1 /* main.swift */; };
		8E7B519724585A3900A970A1 /* singleNumbers.swift in Sources */ = {isa = PBXBuildFile; fileRef = 8E7B519624585A3900A970A1 /* singleNumbers.swift */; };
		8E8742382458917700FBC281 /* maxSubArray.swift in Sources */ = {isa = PBXBuildFile; fileRef = 8E8742372458917700FBC281 /* maxSubArray.swift */; };
		8E87423A2458A92C00FBC281 /* maxProfit.swift in Sources */ = {isa = PBXBuildFile; fileRef = 8E8742392458A92C00FBC281 /* maxProfit.swift */; };
		8E97F1412542CDC6006AB698 /* Robber.swift in Sources */ = {isa = PBXBuildFile; fileRef = 8E97F1402542CDC6006AB698 /* Robber.swift */; };
		8EC466AC2462B49500BD5B9E /* LIS.swift in Sources */ = {isa = PBXBuildFile; fileRef = 8EC466AB2462B49500BD5B9E /* LIS.swift */; };
		8EC466AE2462BDF100BD5B9E /* numofLIS.swift in Sources */ = {isa = PBXBuildFile; fileRef = 8EC466AD2462BDF100BD5B9E /* numofLIS.swift */; };
/* End PBXBuildFile section */

/* Begin PBXCopyFilesBuildPhase section */
		8E7B518A245859F800A970A1 /* CopyFiles */ = {
			isa = PBXCopyFilesBuildPhase;
			buildActionMask = 2147483647;
			dstPath = /usr/share/man/man1/;
			dstSubfolderSpec = 0;
			files = (
			);
			runOnlyForDeploymentPostprocessing = 1;
		};
/* End PBXCopyFilesBuildPhase section */

/* Begin PBXFileReference section */
		8E7B518C245859F800A970A1 /* SwiftEX */ = {isa = PBXFileReference; explicitFileType = "compiled.mach-o.executable"; includeInIndex = 0; path = SwiftEX; sourceTree = BUILT_PRODUCTS_DIR; };
		8E7B518F245859F800A970A1 /* main.swift */ = {isa = PBXFileReference; lastKnownFileType = sourcecode.swift; path = main.swift; sourceTree = "<group>"; };
		8E7B519624585A3900A970A1 /* singleNumbers.swift */ = {isa = PBXFileReference; lastKnownFileType = sourcecode.swift; path = singleNumbers.swift; sourceTree = "<group>"; };
		8E8742372458917700FBC281 /* maxSubArray.swift */ = {isa = PBXFileReference; lastKnownFileType = sourcecode.swift; path = maxSubArray.swift; sourceTree = "<group>"; };
		8E8742392458A92C00FBC281 /* maxProfit.swift */ = {isa = PBXFileReference; lastKnownFileType = sourcecode.swift; path = maxProfit.swift; sourceTree = "<group>"; };
		8E97F1402542CDC6006AB698 /* Robber.swift */ = {isa = PBXFileReference; lastKnownFileType = sourcecode.swift; path = Robber.swift; sourceTree = "<group>"; };
		8EC466AB2462B49500BD5B9E /* LIS.swift */ = {isa = PBXFileReference; lastKnownFileType = sourcecode.swift; path = LIS.swift; sourceTree = "<group>"; };
		8EC466AD2462BDF100BD5B9E /* numofLIS.swift */ = {isa = PBXFileReference; lastKnownFileType = sourcecode.swift; path = numofLIS.swift; sourceTree = "<group>"; };
/* End PBXFileReference section */

/* Begin PBXFrameworksBuildPhase section */
		8E7B5189245859F800A970A1 /* Frameworks */ = {
			isa = PBXFrameworksBuildPhase;
			buildActionMask = 2147483647;
			files = (
			);
			runOnlyForDeploymentPostprocessing = 0;
		};
/* End PBXFrameworksBuildPhase section */

/* Begin PBXGroup section */
		8E7B5183245859F800A970A1 = {
			isa = PBXGroup;
			children = (
				8E7B518E245859F800A970A1 /* SwiftEX */,
				8E7B518D245859F800A970A1 /* Products */,
			);
			sourceTree = "<group>";
		};
		8E7B518D245859F800A970A1 /* Products */ = {
			isa = PBXGroup;
			children = (
				8E7B518C245859F800A970A1 /* SwiftEX */,
			);
			name = Products;
			sourceTree = "<group>";
		};
		8E7B518E245859F800A970A1 /* SwiftEX */ = {
			isa = PBXGroup;
			children = (
				8E7B518F245859F800A970A1 /* main.swift */,
				8E7B519624585A3900A970A1 /* singleNumbers.swift */,
				8E8742372458917700FBC281 /* maxSubArray.swift */,
				8E8742392458A92C00FBC281 /* maxProfit.swift */,
				8EC466AB2462B49500BD5B9E /* LIS.swift */,
				8EC466AD2462BDF100BD5B9E /* numofLIS.swift */,
				8E97F1402542CDC6006AB698 /* Robber.swift */,
			);
			path = SwiftEX;
			sourceTree = "<group>";
		};
/* End PBXGroup section */

/* Begin PBXNativeTarget section */
		8E7B518B245859F800A970A1 /* SwiftEX */ = {
			isa = PBXNativeTarget;
			buildConfigurationList = 8E7B5193245859F800A970A1 /* Build configuration list for PBXNativeTarget "SwiftEX" */;
			buildPhases = (
				8E7B5188245859F800A970A1 /* Sources */,
				8E7B5189245859F800A970A1 /* Frameworks */,
				8E7B518A245859F800A970A1 /* CopyFiles */,
			);
			buildRules = (
			);
			dependencies = (
			);
			name = SwiftEX;
			productName = SwiftEX;
			productReference = 8E7B518C245859F800A970A1 /* SwiftEX */;
			productType = "com.apple.product-type.tool";
		};
/* End PBXNativeTarget section */

/* Begin PBXProject section */
		8E7B5184245859F800A970A1 /* Project object */ = {
			isa = PBXProject;
			attributes = {
				LastSwiftUpdateCheck = 1130;
				LastUpgradeCheck = 1130;
				ORGANIZATIONNAME = "郝思远";
				TargetAttributes = {
					8E7B518B245859F800A970A1 = {
						CreatedOnToolsVersion = 11.3.1;
					};
				};
			};
			buildConfigurationList = 8E7B5187245859F800A970A1 /* Build configuration list for PBXProject "SwiftEX" */;
			compatibilityVersion = "Xcode 9.3";
			developmentRegion = en;
			hasScannedForEncodings = 0;
			knownRegions = (
				en,
				Base,
			);
			mainGroup = 8E7B5183245859F800A970A1;
			productRefGroup = 8E7B518D245859F800A970A1 /* Products */;
			projectDirPath = "";
			projectRoot = "";
			targets = (
				8E7B518B245859F800A970A1 /* SwiftEX */,
			);
		};
/* End PBXProject section */

/* Begin PBXSourcesBuildPhase section */
		8E7B5188245859F800A970A1 /* Sources */ = {
			isa = PBXSourcesBuildPhase;
			buildActionMask = 2147483647;
			files = (
				8E87423A2458A92C00FBC281 /* maxProfit.swift in Sources */,
				8E7B519724585A3900A970A1 /* singleNumbers.swift in Sources */,
				8EC466AE2462BDF100BD5B9E /* numofLIS.swift in Sources */,
				8E97F1412542CDC6006AB698 /* Robber.swift in Sources */,
				8E8742382458917700FBC281 /* maxSubArray.swift in Sources */,
				8E7B5190245859F800A970A1 /* main.swift in Sources */,
				8EC466AC2462B49500BD5B9E /* LIS.swift in Sources */,
			);
			runOnlyForDeploymentPostprocessing = 0;
		};
/* End PBXSourcesBuildPhase section */

/* Begin XCBuildConfiguration section */
		8E7B5191245859F800A970A1 /* Debug */ = {
			isa = XCBuildConfiguration;
			buildSettings = {
				ALWAYS_SEARCH_USER_PATHS = NO;
				CLANG_ANALYZER_NONNULL = YES;
				CLANG_ANALYZER_NUMBER_OBJECT_CONVERSION = YES_AGGRESSIVE;
				CLANG_CXX_LANGUAGE_STANDARD = "gnu++14";
				CLANG_CXX_LIBRARY = "libc++";
				CLANG_ENABLE_MODULES = YES;
				CLANG_ENABLE_OBJC_ARC = YES;
				CLANG_ENABLE_OBJC_WEAK = YES;
				CLANG_WARN_BLOCK_CAPTURE_AUTORELEASING = YES;
				CLANG_WARN_BOOL_CONVERSION = YES;
				CLANG_WARN_COMMA = YES;
				CLANG_WARN_CONSTANT_CONVERSION = YES;
				CLANG_WARN_DEPRECATED_OBJC_IMPLEMENTATIONS = YES;
				CLANG_WARN_DIRECT_OBJC_ISA_USAGE = YES_ERROR;
				CLANG_WARN_DOCUMENTATION_COMMENTS = YES;
				CLANG_WARN_EMPTY_BODY = YES;
				CLANG_WARN_ENUM_CONVERSION = YES;
				CLANG_WARN_INFINITE_RECURSION = YES;
				CLANG_WARN_INT_CONVERSION = YES;
				CLANG_WARN_NON_LITERAL_NULL_CONVERSION = YES;
				CLANG_WARN_OBJC_IMPLICIT_RETAIN_SELF = YES;
				CLANG_WARN_OBJC_LITERAL_CONVERSION = YES;
				CLANG_WARN_OBJC_ROOT_CLASS = YES_ERROR;
				CLANG_WARN_RANGE_LOOP_ANALYSIS = YES;
				CLANG_WARN_STRICT_PROTOTYPES = YES;
				CLANG_WARN_SUSPICIOUS_MOVE = YES;
				CLANG_WARN_UNGUARDED_AVAILABILITY = YES_AGGRESSIVE;
				CLANG_WARN_UNREACHABLE_CODE = YES;
				CLANG_WARN__DUPLICATE_METHOD_MATCH = YES;
				COPY_PHASE_STRIP = NO;
				DEBUG_INFORMATION_FORMAT = dwarf;
				ENABLE_STRICT_OBJC_MSGSEND = YES;
				ENABLE_TESTABILITY = YES;
				GCC_C_LANGUAGE_STANDARD = gnu11;
				GCC_DYNAMIC_NO_PIC = NO;
				GCC_NO_COMMON_BLOCKS = YES;
				GCC_OPTIMIZATION_LEVEL = 0;
				GCC_PREPROCESSOR_DEFINITIONS = (
					"DEBUG=1",
					"$(inherited)",
				);
				GCC_WARN_64_TO_32_BIT_CONVERSION = YES;
				GCC_WARN_ABOUT_RETURN_TYPE = YES_ERROR;
				GCC_WARN_UNDECLARED_SELECTOR = YES;
				GCC_WARN_UNINITIALIZED_AUTOS = YES_AGGRESSIVE;
				GCC_WARN_UNUSED_FUNCTION = YES;
				GCC_WARN_UNUSED_VARIABLE = YES;
				MACOSX_DEPLOYMENT_TARGET = 10.15;
				MTL_ENABLE_DEBUG_INFO = INCLUDE_SOURCE;
				MTL_FAST_MATH = YES;
				ONLY_ACTIVE_ARCH = YES;
				SDKROOT = macosx;
				SWIFT_ACTIVE_COMPILATION_CONDITIONS = DEBUG;
				SWIFT_OPTIMIZATION_LEVEL = "-Onone";
			};
			name = Debug;
		};
		8E7B5192245859F800A970A1 /* Release */ = {
			isa = XCBuildConfiguration;
			buildSettings = {
				ALWAYS_SEARCH_USER_PATHS = NO;
				CLANG_ANALYZER_NONNULL = YES;
				CLANG_ANALYZER_NUMBER_OBJECT_CONVERSION = YES_AGGRESSIVE;
				CLANG_CXX_LANGUAGE_STANDARD = "gnu++14";
				CLANG_CXX_LIBRARY = "libc++";
				CLANG_ENABLE_MODULES = YES;
				CLANG_ENABLE_OBJC_ARC = YES;
				CLANG_ENABLE_OBJC_WEAK = YES;
				CLANG_WARN_BLOCK_CAPTURE_AUTORELEASING = YES;
				CLANG_WARN_BOOL_CONVERSION = YES;
				CLANG_WARN_COMMA = YES;
				CLANG_WARN_CONSTANT_CONVERSION = YES;
				CLANG_WARN_DEPRECATED_OBJC_IMPLEMENTATIONS = YES;
				CLANG_WARN_DIRECT_OBJC_ISA_USAGE = YES_ERROR;
				CLANG_WARN_DOCUMENTATION_COMMENTS = YES;
				CLANG_WARN_EMPTY_BODY = YES;
				CLANG_WARN_ENUM_CONVERSION = YES;
				CLANG_WARN_INFINITE_RECURSION = YES;
				CLANG_WARN_INT_CONVERSION = YES;
				CLANG_WARN_NON_LITERAL_NULL_CONVERSION = YES;
				CLANG_WARN_OBJC_IMPLICIT_RETAIN_SELF = YES;
				CLANG_WARN_OBJC_LITERAL_CONVERSION = YES;
				CLANG_WARN_OBJC_ROOT_CLASS = YES_ERROR;
				CLANG_WARN_RANGE_LOOP_ANALYSIS = YES;
				CLANG_WARN_STRICT_PROTOTYPES = YES;
				CLANG_WARN_SUSPICIOUS_MOVE = YES;
				CLANG_WARN_UNGUARDED_AVAILABILITY = YES_AGGRESSIVE;
				CLANG_WARN_UNREACHABLE_CODE = YES;
				CLANG_WARN__DUPLICATE_METHOD_MATCH = YES;
				COPY_PHASE_STRIP = NO;
				DEBUG_INFORMATION_FORMAT = "dwarf-with-dsym";
				ENABLE_NS_ASSERTIONS = NO;
				ENABLE_STRICT_OBJC_MSGSEND = YES;
				GCC_C_LANGUAGE_STANDARD = gnu11;
				GCC_NO_COMMON_BLOCKS = YES;
				GCC_WARN_64_TO_32_BIT_CONVERSION = YES;
				GCC_WARN_ABOUT_RETURN_TYPE = YES_ERROR;
				GCC_WARN_UNDECLARED_SELECTOR = YES;
				GCC_WARN_UNINITIALIZED_AUTOS = YES_AGGRESSIVE;
				GCC_WARN_UNUSED_FUNCTION = YES;
				GCC_WARN_UNUSED_VARIABLE = YES;
				MACOSX_DEPLOYMENT_TARGET = 10.15;
				MTL_ENABLE_DEBUG_INFO = NO;
				MTL_FAST_MATH = YES;
				SDKROOT = macosx;
				SWIFT_COMPILATION_MODE = wholemodule;
				SWIFT_OPTIMIZATION_LEVEL = "-O";
			};
			name = Release;
		};
		8E7B5194245859F800A970A1 /* Debug */ = {
			isa = XCBuildConfiguration;
			buildSettings = {
				CODE_SIGN_STYLE = Automatic;
				DEVELOPMENT_TEAM = 5CV6RD2FUS;
				ENABLE_HARDENED_RUNTIME = YES;
				MACOSX_DEPLOYMENT_TARGET = 10.14;
				PRODUCT_NAME = "$(TARGET_NAME)";
				SWIFT_VERSION = 5.0;
			};
			name = Debug;
		};
		8E7B5195245859F800A970A1 /* Release */ = {
			isa = XCBuildConfiguration;
			buildSettings = {
				CODE_SIGN_STYLE = Automatic;
				DEVELOPMENT_TEAM = 5CV6RD2FUS;
				ENABLE_HARDENED_RUNTIME = YES;
				MACOSX_DEPLOYMENT_TARGET = 10.14;
				PRODUCT_NAME = "$(TARGET_NAME)";
				SWIFT_VERSION = 5.0;
			};
			name = Release;
		};
/* End XCBuildConfiguration section */

/* Begin XCConfigurationList section */
		8E7B5187245859F800A970A1 /* Build configuration list for PBXProject "SwiftEX" */ = {
			isa = XCConfigurationList;
			buildConfigurations = (
				8E7B5191245859F800A970A1 /* Debug */,
				8E7B5192245859F800A970A1 /* Release */,
			);
			defaultConfigurationIsVisible = 0;
			defaultConfigurationName = Release;
		};
		8E7B5193245859F800A970A1 /* Build configuration list for PBXNativeTarget "SwiftEX" */ = {
			isa = XCConfigurationList;
			buildConfigurations = (
				8E7B5194245859F800A970A1 /* Debug */,
				8E7B5195245859F800A970A1 /* Release */,
			);
			defaultConfigurationIsVisible = 0;
			defaultConfigurationName = Release;
		};
/* End XCConfigurationList section */
	};
	rootObject = 8E7B5184245859F800A970A1 /* Project object */;
}
